
Microsoft Visual Studio Solution File, Format Version 12.00
# Visual Studio Version 17
VisualStudioVersion = 17.13.35818.85
MinimumVisualStudioVersion = 10.0.40219.1
Project("{FAE04EC0-301F-11D3-BF4B-00C04F79EFBC}") = "DocShare", "DocShare.csproj", "{316948B1-AF5B-409E-A40F-9205690BD8B7}"
EndProject
Project("{FAE04EC0-301F-11D3-BF4B-00C04F79EFBC}") = "DocShareTests", "tests\DocShareTests.csproj", "{289D3A88-F949-C97A-39EF-3C2B84702CAF}"
EndProject
Global
	GlobalSection(SolutionConfigurationPlatforms) = preSolution
		Debug|Any CPU = Debug|Any CPU
		Release|Any CPU = Release|Any CPU
	EndGlobalSection
	GlobalSection(ProjectConfigurationPlatforms) = postSolution
		{316948B1-AF5B-409E-A40F-9205690BD8B7}.Debug|Any CPU.ActiveCfg = Debug|Any CPU
		{316948B1-AF5B-409E-A40F-9205690BD8B7}.Debug|Any CPU.Build.0 = Debug|Any CPU
		{316948B1-AF5B-409E-A40F-9205690BD8B7}.Release|Any CPU.ActiveCfg = Release|Any CPU
		{316948B1-AF5B-409E-A40F-9205690BD8B7}.Release|Any CPU.Build.0 = Release|Any CPU
		{289D3A88-F949-C97A-39EF-3C2B84702CAF}.Debug|Any CPU.ActiveCfg = Debug|Any CPU
		{289D3A88-F949-C97A-39EF-3C2B84702CAF}.Debug|Any CPU.Build.0 = Debug|Any CPU
		{289D3A88-F949-C97A-39EF-3C2B84702CAF}.Release|Any CPU.ActiveCfg = Release|Any CPU
		{289D3A88-F949-C97A-39EF-3C2B84702CAF}.Release|Any CPU.Build.0 = Release|Any CPU
	EndGlobalSection
	GlobalSection(SolutionProperties) = preSolution
		HideSolutionNode = FALSE
	EndGlobalSection
	GlobalSection(ExtensibilityGlobals) = postSolution
		SolutionGuid = {9086C060-08FD-45FA-A9E3-2DC27C104441}
	EndGlobalSection
EndGlobal
